
Microsoft Visual Studio Solution File, Format Version 12.00
# Visual Studio Version 16
VisualStudioVersion = 16.0.34729.46
MinimumVisualStudioVersion = 10.0.40219.1
Project("{FAE04EC0-301F-11D3-BF4B-00C04F79EFBC}") = "WebSocket", "WebSocket\WebSocket.csproj", "{D818BA9C-97EB-4647-B85A-64A0E772FC69}"
EndProject
Project("{FAE04EC0-301F-11D3-BF4B-00C04F79EFBC}") = "WebSoket.API", "WebSoket.API\WebSoket.API.csproj", "{C9D448B8-25A8-48FF-AC10-2D6D8A0C4FA7}"
EndProject
Global
	GlobalSection(SolutionConfigurationPlatforms) = preSolution
		Debug|Any CPU = Debug|Any CPU
		Release|Any CPU = Release|Any CPU
	EndGlobalSection
	GlobalSection(ProjectConfigurationPlatforms) = postSolution
		{D818BA9C-97EB-4647-B85A-64A0E772FC69}.Debug|Any CPU.ActiveCfg = Debug|Any CPU
		{D818BA9C-97EB-4647-B85A-64A0E772FC69}.Debug|Any CPU.Build.0 = Debug|Any CPU
		{D818BA9C-97EB-4647-B85A-64A0E772FC69}.Release|Any CPU.ActiveCfg = Release|Any CPU
		{D818BA9C-97EB-4647-B85A-64A0E772FC69}.Release|Any CPU.Build.0 = Release|Any CPU
		{C9D448B8-25A8-48FF-AC10-2D6D8A0C4FA7}.Debug|Any CPU.ActiveCfg = Debug|Any CPU
		{C9D448B8-25A8-48FF-AC10-2D6D8A0C4FA7}.Debug|Any CPU.Build.0 = Debug|Any CPU
		{C9D448B8-25A8-48FF-AC10-2D6D8A0C4FA7}.Release|Any CPU.ActiveCfg = Release|Any CPU
		{C9D448B8-25A8-48FF-AC10-2D6D8A0C4FA7}.Release|Any CPU.Build.0 = Release|Any CPU
	EndGlobalSection
	GlobalSection(SolutionProperties) = preSolution
		HideSolutionNode = FALSE
	EndGlobalSection
	GlobalSection(ExtensibilityGlobals) = postSolution
		SolutionGuid = {1955DC44-88E4-4440-9BD2-F1ECD128F5CD}
	EndGlobalSection
EndGlobal
